
Microsoft Visual Studio Solution File, Format Version 12.00
# Visual Studio 2013
VisualStudioVersion = 12.0.30723.0
MinimumVisualStudioVersion = 10.0.40219.1
Project("{FAE04EC0-301F-11D3-BF4B-00C04F79EFBC}") = "TravelPrototype", "TravelPrototype\TravelPrototype.csproj", "{AFA653F1-D77C-4BD5-9067-AAAE8BB2F7AD}"
EndProject
Global
	GlobalSection(SolutionConfigurationPlatforms) = preSolution
		Debug|Any CPU = Debug|Any CPU
		Release|Any CPU = Release|Any CPU
	EndGlobalSection
	GlobalSection(ProjectConfigurationPlatforms) = postSolution
		{AFA653F1-D77C-4BD5-9067-AAAE8BB2F7AD}.Debug|Any CPU.ActiveCfg = Debug|Any CPU
		{AFA653F1-D77C-4BD5-9067-AAAE8BB2F7AD}.Debug|Any CPU.Build.0 = Debug|Any CPU
		{AFA653F1-D77C-4BD5-9067-AAAE8BB2F7AD}.Release|Any CPU.ActiveCfg = Release|Any CPU
		{AFA653F1-D77C-4BD5-9067-AAAE8BB2F7AD}.Release|Any CPU.Build.0 = Release|Any CPU
	EndGlobalSection
	GlobalSection(SolutionProperties) = preSolution
		HideSolutionNode = FALSE
	EndGlobalSection
EndGlobal
